
Microsoft Visual Studio Solution File, Format Version 12.00
# Visual Studio 15
VisualStudioVersion = 15.0.27130.2020
MinimumVisualStudioVersion = 10.0.40219.1
Project("{FAE04EC0-301F-11D3-BF4B-00C04F79EFBC}") = "DRManagementSystem", "DRManagementSystem\DRManagementSystem.csproj", "{780CFED6-9D23-46CF-8FAD-ECF257CD084F}"
EndProject
Global
	GlobalSection(SolutionConfigurationPlatforms) = preSolution
		Debug|Any CPU = Debug|Any CPU
		Release|Any CPU = Release|Any CPU
	EndGlobalSection
	GlobalSection(ProjectConfigurationPlatforms) = postSolution
		{780CFED6-9D23-46CF-8FAD-ECF257CD084F}.Debug|Any CPU.ActiveCfg = Debug|Any CPU
		{780CFED6-9D23-46CF-8FAD-ECF257CD084F}.Debug|Any CPU.Build.0 = Debug|Any CPU
		{780CFED6-9D23-46CF-8FAD-ECF257CD084F}.Release|Any CPU.ActiveCfg = Release|Any CPU
		{780CFED6-9D23-46CF-8FAD-ECF257CD084F}.Release|Any CPU.Build.0 = Release|Any CPU
	EndGlobalSection
	GlobalSection(SolutionProperties) = preSolution
		HideSolutionNode = FALSE
	EndGlobalSection
	GlobalSection(ExtensibilityGlobals) = postSolution
		SolutionGuid = {F495665F-814E-47CB-BA3F-7AA6F4D9CBC6}
	EndGlobalSection
EndGlobal
